<?xml version="1.0" encoding="utf-8"?>
<Project ToolsVersion="4.0" xmlns="http://schemas.microsoft.com/developer/msbuild/2003">
  <ItemGroup>
    <Filter Include="Source Files">
      <UniqueIdentifier>{4FC737F1-C7A5-4376-A066-2A32D752A2FF}</UniqueIdentifier>
      <Extensions>cpp;c;cc;cxx;def;odl;idl;hpj;bat;asm;asmx</Extensions>
    </Filter>
    <Filter Include="Header Files">
      <UniqueIdentifier>{93995380-89BD-4b04-88EB-625FBE52EBFB}</UniqueIdentifier>
      <Extensions>h;hh;hpp;hxx;hm;inl;inc;xsd</Extensions>
    </Filter>
    <Filter Include="Resource Files">
      <UniqueIdentifier>{67DA6AB6-F800-4c08-8B7A-83BB121AAD01}</UniqueIdentifier>
      <Extensions>rc;ico;cur;bmp;dlg;rc2;rct;bin;rgs;gif;jpg;jpeg;jpe;resx;tiff;tif;png;wav;mfcribbon-ms</Extensions>
    </Filter>
  </ItemGroup>
  <ItemGroup>
    <ClCompile Include="..\..\Framework3\Direct3D11\D3D11App.cpp">
      <Filter>Source Files</Filter>
    </ClCompile>
    <ClCompile Include="..\..\Framework3\Direct3D11\Direct3D11Renderer.cpp">
      <Filter>Source Files</Filter>
    </ClCompile>
    <ClCompile Include="..\..\Framework3\GUI\Button.cpp">
      <Filter>Source Files</Filter>
    </ClCompile>
    <ClCompile Include="..\..\Framework3\GUI\CheckBox.cpp">
      <Filter>Source Files</Filter>
    </ClCompile>
    <ClCompile Include="..\..\Framework3\GUI\Dialog.cpp">
      <Filter>Source Files</Filter>
    </ClCompile>
    <ClCompile Include="..\..\Framework3\GUI\DropDownList.cpp">
      <Filter>Source Files</Filter>
    </ClCompile>
    <ClCompile Include="..\..\Framework3\GUI\Label.cpp">
      <Filter>Source Files</Filter>
    </ClCompile>
    <ClCompile Include="..\..\Framework3\GUI\Slider.cpp">
      <Filter>Source Files</Filter>
    </ClCompile>
    <ClCompile Include="..\..\Framework3\GUI\Widget.cpp">
      <Filter>Source Files</Filter>
    </ClCompile>
    <ClCompile Include="..\..\Framework3\Imaging\Image.cpp">
      <Filter>Source Files</Filter>
    </ClCompile>
    <ClCompile Include="..\..\Framework3\Audio\Audio.cpp">
      <Filter>Source Files</Filter>
    </ClCompile>
    <ClCompile Include="..\..\Framework3\Math\Frustum.cpp">
      <Filter>Source Files</Filter>
    </ClCompile>
    <ClCompile Include="..\..\Framework3\Math\MathTools.cpp">
      <Filter>Source Files</Filter>
    </ClCompile>
    <ClCompile Include="..\..\Framework3\Math\Noise.cpp">
      <Filter>Source Files</Filter>
    </ClCompile>
    <ClCompile Include="..\..\Framework3\Math\Reorder.cpp">
      <Filter>Source Files</Filter>
    </ClCompile>
    <ClCompile Include="..\..\Framework3\Math\Scissor.cpp">
      <Filter>Source Files</Filter>
    </ClCompile>
    <ClCompile Include="..\..\Framework3\Math\SphericalHarmonics.cpp">
      <Filter>Source Files</Filter>
    </ClCompile>
    <ClCompile Include="..\..\Framework3\Math\Vector.cpp">
      <Filter>Source Files</Filter>
    </ClCompile>
    <ClCompile Include="..\..\Framework3\Util\BSP.cpp">
      <Filter>Source Files</Filter>
    </ClCompile>
    <ClCompile Include="..\..\Framework3\Util\ConvexHull.cpp">
      <Filter>Source Files</Filter>
    </ClCompile>
    <ClCompile Include="..\..\Framework3\Util\Model.cpp">
      <Filter>Source Files</Filter>
    </ClCompile>
    <ClCompile Include="..\..\Framework3\Util\String.cpp">
      <Filter>Source Files</Filter>
    </ClCompile>
    <ClCompile Include="..\..\Framework3\Util\TexturePacker.cpp">
      <Filter>Source Files</Filter>
    </ClCompile>
    <ClCompile Include="..\..\Framework3\Util\Thread.cpp">
      <Filter>Source Files</Filter>
    </ClCompile>
    <ClCompile Include="..\..\Framework3\Util\Tokenizer.cpp">
      <Filter>Source Files</Filter>
    </ClCompile>
    <ClCompile Include="..\..\Framework3\Windows\WindowsBase.cpp">
      <Filter>Source Files</Filter>
    </ClCompile>
    <ClCompile Include="..\..\Framework3\BaseApp.cpp">
      <Filter>Source Files</Filter>
    </ClCompile>
    <ClCompile Include="..\..\Framework3\Config.cpp">
      <Filter>Source Files</Filter>
    </ClCompile>
    <ClCompile Include="..\..\Framework3\CPU.cpp">
      <Filter>Source Files</Filter>
    </ClCompile>
    <ClCompile Include="..\..\Framework3\Platform.cpp">
      <Filter>Source Files</Filter>
    </ClCompile>
    <ClCompile Include="..\..\Framework3\Renderer.cpp">
      <Filter>Source Files</Filter>
    </ClCompile>
  </ItemGroup>
  <ItemGroup>
    <ClInclude Include="..\..\Framework3\Direct3D11\D3D11App.h">
      <Filter>Header Files</Filter>
    </ClInclude>
    <ClInclude Include="..\..\Framework3\Direct3D11\Direct3D11Renderer.h">
      <Filter>Header Files</Filter>
    </ClInclude>
    <ClInclude Include="..\..\Framework3\GUI\Button.h">
      <Filter>Header Files</Filter>
    </ClInclude>
    <ClInclude Include="..\..\Framework3\GUI\CheckBox.h">
      <Filter>Header Files</Filter>
    </ClInclude>
    <ClInclude Include="..\..\Framework3\GUI\Dialog.h">
      <Filter>Header Files</Filter>
    </ClInclude>
    <ClInclude Include="..\..\Framework3\GUI\DropDownList.h">
      <Filter>Header Files</Filter>
    </ClInclude>
    <ClInclude Include="..\..\Framework3\GUI\Label.h">
      <Filter>Header Files</Filter>
    </ClInclude>
    <ClInclude Include="..\..\Framework3\GUI\Slider.h">
      <Filter>Header Files</Filter>
    </ClInclude>
    <ClInclude Include="..\..\Framework3\GUI\Widget.h">
      <Filter>Header Files</Filter>
    </ClInclude>
    <ClInclude Include="..\..\Framework3\Imaging\Image.h">
      <Filter>Header Files</Filter>
    </ClInclude>
    <ClInclude Include="..\..\Framework3\Imaging\jconfig.h">
      <Filter>Header Files</Filter>
    </ClInclude>
    <ClInclude Include="..\..\Framework3\Imaging\jmorecfg.h">
      <Filter>Header Files</Filter>
    </ClInclude>
    <ClInclude Include="..\..\Framework3\Imaging\jpeglib.h">
      <Filter>Header Files</Filter>
    </ClInclude>
    <ClInclude Include="..\..\Framework3\Imaging\old\jconfig.h">
      <Filter>Header Files</Filter>
    </ClInclude>
    <ClInclude Include="..\..\Framework3\Imaging\old\jmorecfg.h">
      <Filter>Header Files</Filter>
    </ClInclude>
    <ClInclude Include="..\..\Framework3\Imaging\old\jpeglib.h">
      <Filter>Header Files</Filter>
    </ClInclude>
    <ClInclude Include="..\..\Framework3\Imaging\png.h">
      <Filter>Header Files</Filter>
    </ClInclude>
    <ClInclude Include="..\..\Framework3\Imaging\pngconf.h">
      <Filter>Header Files</Filter>
    </ClInclude>
    <ClInclude Include="..\..\Framework3\Imaging\zconf.h">
      <Filter>Header Files</Filter>
    </ClInclude>
    <ClInclude Include="..\..\Framework3\Imaging\zlib.h">
      <Filter>Header Files</Filter>
    </ClInclude>
    <ClInclude Include="..\..\Framework3\Audio\al.h">
      <Filter>Header Files</Filter>
    </ClInclude>
    <ClInclude Include="..\..\Framework3\Audio\alc.h">
      <Filter>Header Files</Filter>
    </ClInclude>
    <ClInclude Include="..\..\Framework3\Audio\alut.h">
      <Filter>Header Files</Filter>
    </ClInclude>
    <ClInclude Include="..\..\Framework3\Audio\Audio.h">
      <Filter>Header Files</Filter>
    </ClInclude>
    <ClInclude Include="..\..\Framework3\Audio\codec.h">
      <Filter>Header Files</Filter>
    </ClInclude>
    <ClInclude Include="..\..\Framework3\Audio\ogg.h">
      <Filter>Header Files</Filter>
    </ClInclude>
    <ClInclude Include="..\..\Framework3\Audio\os_types.h">
      <Filter>Header Files</Filter>
    </ClInclude>
    <ClInclude Include="..\..\Framework3\Audio\vorbisfile.h">
      <Filter>Header Files</Filter>
    </ClInclude>
    <ClInclude Include="..\..\Framework3\Math\Frustum.h">
      <Filter>Header Files</Filter>
    </ClInclude>
    <ClInclude Include="..\..\Framework3\Math\MathTools.h">
      <Filter>Header Files</Filter>
    </ClInclude>
    <ClInclude Include="..\..\Framework3\Math\MyMath.h">
      <Filter>Header Files</Filter>
    </ClInclude>
    <ClInclude Include="..\..\Framework3\Math\Noise.h">
      <Filter>Header Files</Filter>
    </ClInclude>
    <ClInclude Include="..\..\Framework3\Math\Reorder.h">
      <Filter>Header Files</Filter>
    </ClInclude>
    <ClInclude Include="..\..\Framework3\Math\Scissor.h">
      <Filter>Header Files</Filter>
    </ClInclude>
    <ClInclude Include="..\..\Framework3\Math\SphericalHarmonics.h">
      <Filter>Header Files</Filter>
    </ClInclude>
    <ClInclude Include="..\..\Framework3\Math\Vector.h">
      <Filter>Header Files</Filter>
    </ClInclude>
    <ClInclude Include="..\..\Framework3\Util\Array.h">
      <Filter>Header Files</Filter>
    </ClInclude>
    <ClInclude Include="..\..\Framework3\Util\BSP.h">
      <Filter>Header Files</Filter>
    </ClInclude>
    <ClInclude Include="..\..\Framework3\Util\ConvexHull.h">
      <Filter>Header Files</Filter>
    </ClInclude>
    <ClInclude Include="..\..\Framework3\Util\Hash.h">
      <Filter>Header Files</Filter>
    </ClInclude>
    <ClInclude Include="..\..\Framework3\Util\KdTree.h">
      <Filter>Header Files</Filter>
    </ClInclude>
    <ClInclude Include="..\..\Framework3\Util\Model.h">
      <Filter>Header Files</Filter>
    </ClInclude>
    <ClInclude Include="..\..\Framework3\Util\Queue.h">
      <Filter>Header Files</Filter>
    </ClInclude>
    <ClInclude Include="..\..\Framework3\Util\String.h">
      <Filter>Header Files</Filter>
    </ClInclude>
    <ClInclude Include="..\..\Framework3\Util\TexturePacker.h">
      <Filter>Header Files</Filter>
    </ClInclude>
    <ClInclude Include="..\..\Framework3\Util\Thread.h">
      <Filter>Header Files</Filter>
    </ClInclude>
    <ClInclude Include="..\..\Framework3\Util\Tokenizer.h">
      <Filter>Header Files</Filter>
    </ClInclude>
    <ClInclude Include="..\..\Framework3\Windows\resource.h">
      <Filter>Header Files</Filter>
    </ClInclude>
    <ClInclude Include="..\..\Framework3\BaseApp.h">
      <Filter>Header Files</Filter>
    </ClInclude>
    <ClInclude Include="..\..\Framework3\Config.h">
      <Filter>Header Files</Filter>
    </ClInclude>
    <ClInclude Include="..\..\Framework3\CPU.h">
      <Filter>Header Files</Filter>
    </ClInclude>
    <ClInclude Include="..\..\Framework3\Platform.h">
      <Filter>Header Files</Filter>
    </ClInclude>
    <ClInclude Include="..\..\Framework3\Renderer.h">
      <Filter>Header Files</Filter>
    </ClInclude>
  </ItemGroup>
  <ItemGroup>
    <ResourceCompile Include="..\..\Framework3\Windows\Resources.rc">
      <Filter>Resource Files</Filter>
    </ResourceCompile>
  </ItemGroup>
  <ItemGroup>
    <Text Include="..\..\Framework3\readme.txt" />
  </ItemGroup>
</Project>